version = 1
revision = 2
requires-python = ">=3.12"

[[package]]
name = "altgraph"
version = "0.17.4"
source = { registry = "https://pypi.org/simple" }
sdist = { url = "https://files.pythonhosted.org/packages/de/a8/7145824cf0b9e3c28046520480f207df47e927df83aa9555fb47f8505922/altgraph-0.17.4.tar.gz", hash = "sha256:1b5afbb98f6c4dcadb2e2ae6ab9fa994bbb8c1d75f4fa96d340f9437ae454406", size = 48418, upload-time = "2023-09-25T09:04:52.164Z" }
wheels = [
    { url = "https://files.pythonhosted.org/packages/4d/3f/3bc3f1d83f6e4a7fcb834d3720544ca597590425be5ba9db032b2bf322a2/altgraph-0.17.4-py2.py3-none-any.whl", hash = "sha256:642743b4750de17e655e6711601b077bc6598dbfa3ba5fa2b2a35ce12b508dff", size = 21212, upload-time = "2023-09-25T09:04:50.691Z" },
]

[[package]]
name = "macholib"
version = "1.16.3"
source = { registry = "https://pypi.org/simple" }
dependencies = [
    { name = "altgraph" },
]
sdist = { url = "https://files.pythonhosted.org/packages/95/ee/af1a3842bdd5902ce133bd246eb7ffd4375c38642aeb5dc0ae3a0329dfa2/macholib-1.16.3.tar.gz", hash = "sha256:07ae9e15e8e4cd9a788013d81f5908b3609aa76f9b1421bae9c4d7606ec86a30", size = 59309, upload-time = "2023-09-25T09:10:16.155Z" }
wheels = [
    { url = "https://files.pythonhosted.org/packages/d1/5d/c059c180c84f7962db0aeae7c3b9303ed1d73d76f2bfbc32bc231c8be314/macholib-1.16.3-py2.py3-none-any.whl", hash = "sha256:0e315d7583d38b8c77e815b1ecbdbf504a8258d8b3e17b61165c6feb60d18f2c", size = 38094, upload-time = "2023-09-25T09:10:14.188Z" },
]

[[package]]
name = "packaging"
version = "25.0"
source = { registry = "https://pypi.org/simple" }
sdist = { url = "https://files.pythonhosted.org/packages/a1/d4/1fc4078c65507b51b96ca8f8c3ba19e6a61c8253c72794544580a7b6c24d/packaging-25.0.tar.gz", hash = "sha256:d443872c98d677bf60f6a1f2f8c1cb748e8fe762d2bf9d3148b5599295b0fc4f", size = 165727, upload-time = "2025-04-19T11:48:59.673Z" }
wheels = [
    { url = "https://files.pythonhosted.org/packages/20/12/38679034af332785aac8774540895e234f4d07f7545804097de4b666afd8/packaging-25.0-py3-none-any.whl", hash = "sha256:29572ef2b1f17581046b3a2227d5c611fb25ec70ca1ba8554b24b0e69331a484", size = 66469, upload-time = "2025-04-19T11:48:57.875Z" },
]

[[package]]
name = "pefile"
version = "2023.2.7"
source = { registry = "https://pypi.org/simple" }
sdist = { url = "https://files.pythonhosted.org/packages/78/c5/3b3c62223f72e2360737fd2a57c30e5b2adecd85e70276879609a7403334/pefile-2023.2.7.tar.gz", hash = "sha256:82e6114004b3d6911c77c3953e3838654b04511b8b66e8583db70c65998017dc", size = 74854, upload-time = "2023-02-07T12:23:55.958Z" }
wheels = [
    { url = "https://files.pythonhosted.org/packages/55/26/d0ad8b448476d0a1e8d3ea5622dc77b916db84c6aa3cb1e1c0965af948fc/pefile-2023.2.7-py3-none-any.whl", hash = "sha256:da185cd2af68c08a6cd4481f7325ed600a88f6a813bad9dea07ab3ef73d8d8d6", size = 71791, upload-time = "2023-02-07T12:28:36.678Z" },
]

[[package]]
name = "pyinstaller"
version = "6.11.0"
source = { registry = "https://pypi.org/simple" }
dependencies = [
    { name = "altgraph" },
    { name = "macholib", marker = "sys_platform == 'darwin'" },
    { name = "packaging" },
    { name = "pefile", marker = "sys_platform == 'win32'" },
    { name = "pyinstaller-hooks-contrib" },
    { name = "pywin32-ctypes", marker = "sys_platform == 'win32'" },
    { name = "setuptools" },
]
sdist = { url = "https://files.pythonhosted.org/packages/b0/98/170e3117657366560f355c154a5f4e1b9e6aee53c4f35127fe0c9aecb0e9/pyinstaller-6.11.0.tar.gz", hash = "sha256:cb4d433a3db30d9d17cf5f2cf7bb4df80a788d493c1d67dd822dc5791d9864af", size = 4245274, upload-time = "2024-10-15T21:46:24.763Z" }
wheels = [
    { url = "https://files.pythonhosted.org/packages/4a/c5/17e1d226035d4fbc154908c12d96ab7ee385f8d788c96085adc912dbed5b/pyinstaller-6.11.0-py3-none-macosx_10_13_universal2.whl", hash = "sha256:6fd68a3c1207635c49326c54881b89d5c3bd9ba061bbc9daa58c0902db1be39e", size = 844428, upload-time = "2024-10-15T21:45:16.763Z" },
    { url = "https://files.pythonhosted.org/packages/88/13/f15bc608d6c2cfcfb6f4628cd885e0f82da121210a375279a2bfac3c4c08/pyinstaller-6.11.0-py3-none-manylinux2014_aarch64.whl", hash = "sha256:eddd53f231e51adc65088eac4f40057ca803a990239828d4a9229407fb866239", size = 709617, upload-time = "2024-10-15T21:45:20.959Z" },
    { url = "https://files.pythonhosted.org/packages/2e/ca/7276e3a19a9ab378eecafbcbead9183b344267c380e3a9c18b3040fd331d/pyinstaller-6.11.0-py3-none-manylinux2014_i686.whl", hash = "sha256:e6d229009e815542833fe00332b589aa6984a06f794dc16f2ce1acab1c567590", size = 711883, upload-time = "2024-10-15T21:45:25.466Z" },
    { url = "https://files.pythonhosted.org/packages/68/7a/59f690b142db96f378e24c72a8a396ea2af6a41e66b06ebba9427d0b12fd/pyinstaller-6.11.0-py3-none-manylinux2014_ppc64le.whl", hash = "sha256:7d2cd2ebdcd6860f8a4abe2977264a7b6d260a7147047008971c7cfc66a656a4", size = 717051, upload-time = "2024-10-15T21:45:29.981Z" },
    { url = "https://files.pythonhosted.org/packages/66/d4/30e27bca5d1ee919b3ea2c727315892ebae2dad32203771c66ca42eefac2/pyinstaller-6.11.0-py3-none-manylinux2014_s390x.whl", hash = "sha256:d9ec6d4398b4eebc1d4c00437716264ba8406bc2746f594e253070a82378a584", size = 707434, upload-time = "2024-10-15T21:45:34.5Z" },
    { url = "https://files.pythonhosted.org/packages/58/a7/0e925c9e4351872e95e3cf96e58c859ecd43152aee29211d79ec9becb26e/pyinstaller-6.11.0-py3-none-manylinux2014_x86_64.whl", hash = "sha256:04f71828aa9531ab18c9656985c1f09b83d10332c73a1f4a113a48b491906955", size = 707917, upload-time = "2024-10-15T21:45:39.324Z" },
    { url = "https://files.pythonhosted.org/packages/d6/c8/05980cdaf7124b26114acd80568d3f74c515057cc1c86886025e8b09a3df/pyinstaller-6.11.0-py3-none-musllinux_1_1_aarch64.whl", hash = "sha256:a843d470768d68b05684ccf4860c45b2eb13727f41667c0b2cd8f57ae231bd18", size = 712337, upload-time = "2024-10-15T21:45:43.887Z" },
    { url = "https://files.pythonhosted.org/packages/7b/8f/357afd2b1b76961e43f727e7e2f8c01760b2f1497b0279ed4fdf4fe7e35e/pyinstaller-6.11.0-py3-none-musllinux_1_1_x86_64.whl", hash = "sha256:963dedc1f37144a4385f58f7f65f1c69c004a67faae522a2085b5ddb230c908b", size = 708315, upload-time = "2024-10-15T21:45:47.812Z" },
    { url = "https://files.pythonhosted.org/packages/d5/4c/4e2c10b746e5cedf806c2df3a890faf2506cb4388e94672d59374d8dc17f/pyinstaller-6.11.0-py3-none-win32.whl", hash = "sha256:c71024c8a19c7b221b9152b2baff4c3ba849cada68dcdd34382ba09f0107451f", size = 1277392, upload-time = "2024-10-15T21:45:53.613Z" },
    { url = "https://files.pythonhosted.org/packages/f0/45/8e609d66361cfd17ba89e07ae5ed1ca858d084e47f0fad3f9c277c96801b/pyinstaller-6.11.0-py3-none-win_amd64.whl", hash = "sha256:0e229610c22b96d741d905706f9496af472c1a9216a118988f393c98ecc3f51f", size = 1337562, upload-time = "2024-10-15T21:46:00.431Z" },
    { url = "https://files.pythonhosted.org/packages/26/77/203dda3d02fe5c899ffbbdb1942f0adc750dabbe25e5a1558354fc672dd8/pyinstaller-6.11.0-py3-none-win_arm64.whl", hash = "sha256:a5f716bb507517912fda39d109dead91fc0dd2e7b2859562522b63c61aa21676", size = 1264356, upload-time = "2024-10-15T21:46:07.274Z" },
]

[[package]]
name = "pyinstaller-hooks-contrib"
version = "2025.8"
source = { registry = "https://pypi.org/simple" }
dependencies = [
    { name = "packaging" },
    { name = "setuptools" },
]
sdist = { url = "https://files.pythonhosted.org/packages/71/d6/e5b378b7d4add8c879295c531309b0320e9c07a70458665d091760ffdc87/pyinstaller_hooks_contrib-2025.8.tar.gz", hash = "sha256:3402ad41dfe9b5110af134422e37fc5d421ba342c6cb980bd67cb30b7415641c", size = 164214, upload-time = "2025-07-27T16:37:31.943Z" }
wheels = [
    { url = "https://files.pythonhosted.org/packages/48/34/1d973d0dae849683e53fbcda84443ce016f315e6f4dc7605ede4f56a28c3/pyinstaller_hooks_contrib-2025.8-py3-none-any.whl", hash = "sha256:8d0b8cfa0cb689a619294ae200497374234bd4e3994b3ace2a4442274c899064", size = 442346, upload-time = "2025-07-27T16:37:30.268Z" },
]

[[package]]
name = "pyside6"
version = "6.8.0.2"
source = { registry = "https://pypi.org/simple" }
dependencies = [
    { name = "pyside6-addons" },
    { name = "pyside6-essentials" },
    { name = "shiboken6" },
]
wheels = [
    { url = "https://files.pythonhosted.org/packages/04/8c/2529634d9c6284db1fe7ea12688d5a43ce7abaaba5f5b45c23b2634b1fde/PySide6-6.8.0.2-cp39-abi3-macosx_12_0_universal2.whl", hash = "sha256:cecc6ce1da6cb04542ff5a0887734f63e6ecf54258d1786285b9c7904abd9b01", size = 554051, upload-time = "2024-10-24T12:08:20.348Z" },
    { url = "https://files.pythonhosted.org/packages/be/fb/508b0dd3f88e6bce7be4a9650801434319d563d9f04c439564f09cdb1238/PySide6-6.8.0.2-cp39-abi3-manylinux_2_28_x86_64.whl", hash = "sha256:3258f3c63dc5053b8d5b8d2588caca8bb3a36e2f74413511e4676df0e73b6f1e", size = 554194, upload-time = "2024-10-24T12:08:23.088Z" },
    { url = "https://files.pythonhosted.org/packages/99/1d/d96496aae8de2b14d372a1e46d06c7f355291c1f3cdd7f90ef48c7d88373/PySide6-6.8.0.2-cp39-abi3-manylinux_2_31_aarch64.whl", hash = "sha256:6a25cf784f978fa2a23b4d089970b27ebe14d26adcaf38b2819cb04483de4ce9", size = 554326, upload-time = "2024-10-24T12:08:25.324Z" },
    { url = "https://files.pythonhosted.org/packages/e2/94/33bad8ce9c6431325fa4b30e023fcc5ea04a77520f3c08ac184f74c3e218/PySide6-6.8.0.2-cp39-abi3-win_amd64.whl", hash = "sha256:3e8fffca9a934e30c07c3f34bb572f84bfcf02385acbc715e65fbdd9746ecc2b", size = 560103, upload-time = "2024-10-24T12:08:27.481Z" },
]

[[package]]
name = "pyside6-addons"
version = "6.8.0.2"
source = { registry = "https://pypi.org/simple" }
dependencies = [
    { name = "pyside6-essentials" },
    { name = "shiboken6" },
]
wheels = [
    { url = "https://files.pythonhosted.org/packages/d1/a3/f44f6ad700a8534cbbb9f72a1cd203417890424ad59920bab76111fc524d/PySide6_Addons-6.8.0.2-cp39-abi3-macosx_12_0_universal2.whl", hash = "sha256:30c9ca570dd18ffbfd34ee95e0a319c34313a80425c4011d6ccc9f4cca0dc4c8", size = 302011435, upload-time = "2024-10-24T12:04:21.838Z" },
    { url = "https://files.pythonhosted.org/packages/0d/1f/50366475ec3129a25f1ffc25cbe0d2c7af71d285abf29b659ca5a2e6a87a/PySide6_Addons-6.8.0.2-cp39-abi3-manylinux_2_28_x86_64.whl", hash = "sha256:754a9822ab2dc313f9998edef69d8a12bc9fd61727543f8d30806ed272ae1e52", size = 143714688, upload-time = "2024-10-24T12:04:41.828Z" },
    { url = "https://files.pythonhosted.org/packages/cc/10/5f494352be48c8c419992c9974bd4f2168c9f99f58a7dad63dc2382396c1/PySide6_Addons-6.8.0.2-cp39-abi3-manylinux_2_31_aarch64.whl", hash = "sha256:553f3fa412f423929b5cd8b7d43fd5f02161851f10a438174a198b0f1a044df7", size = 128861616, upload-time = "2024-10-24T12:04:57.69Z" },
    { url = "https://files.pythonhosted.org/packages/e1/bb/c606032e9dbe5674c1d234ca3cc5679446f37cdbb555a82d6adc3941c0a7/PySide6_Addons-6.8.0.2-cp39-abi3-win_amd64.whl", hash = "sha256:ae4377a3e10fe720a9119677b31d8de13e2a5221c06b332df045af002f5f4c3d", size = 127835078, upload-time = "2024-10-24T12:05:10.804Z" },
]

[[package]]
name = "pyside6-essentials"
version = "6.8.0.2"
source = { registry = "https://pypi.org/simple" }
dependencies = [
    { name = "shiboken6" },
]
wheels = [
    { url = "https://files.pythonhosted.org/packages/1e/57/3210660aff9436429cb2709ed7bdf1808b075f8f6ed47853160e56903621/PySide6_Essentials-6.8.0.2-cp39-abi3-macosx_12_0_universal2.whl", hash = "sha256:3df4ed75bbb74d74ac338b330819b1a272e7f5cec206765c7176a197c8bc9c79", size = 164669671, upload-time = "2024-10-24T12:07:31.368Z" },
    { url = "https://files.pythonhosted.org/packages/34/72/6ef2f32e5ae5681cdd10cc7e627c453fcd389889fbc6a76d4e400a27af87/PySide6_Essentials-6.8.0.2-cp39-abi3-manylinux_2_28_x86_64.whl", hash = "sha256:7df6d6c1da4858dbdea77c74d7270d9c68e8d1bbe3362892abd1a5ade3815a50", size = 95184060, upload-time = "2024-10-24T12:07:42.215Z" },
    { url = "https://files.pythonhosted.org/packages/6f/ee/9023d3851054db24c28312744de8bdb80dcf8de20bd583b6520da416484f/PySide6_Essentials-6.8.0.2-cp39-abi3-manylinux_2_31_aarch64.whl", hash = "sha256:cf490145d18812a6cff48b0b0afb0bfaf7066744bfbd09eb071c3323f1d6d00d", size = 92322477, upload-time = "2024-10-24T12:07:53.078Z" },
    { url = "https://files.pythonhosted.org/packages/c7/24/57b5b10b4c641bf26e5fda3d71e2e14cbc796b334ef566b017d7b58c13cd/PySide6_Essentials-6.8.0.2-cp39-abi3-win_amd64.whl", hash = "sha256:d2f029b8c9f0106f57b26aa8c435435d7f509c80525075343e07177b283f862e", size = 72518805, upload-time = "2024-10-24T12:08:03.274Z" },
]

[[package]]
name = "pywin32-ctypes"
version = "0.2.3"
source = { registry = "https://pypi.org/simple" }
sdist = { url = "https://files.pythonhosted.org/packages/85/9f/01a1a99704853cb63f253eea009390c88e7131c67e66a0a02099a8c917cb/pywin32-ctypes-0.2.3.tar.gz", hash = "sha256:d162dc04946d704503b2edc4d55f3dba5c1d539ead017afa00142c38b9885755", size = 29471, upload-time = "2024-08-14T10:15:34.626Z" }
wheels = [
    { url = "https://files.pythonhosted.org/packages/de/3d/8161f7711c017e01ac9f008dfddd9410dff3674334c233bde66e7ba65bbf/pywin32_ctypes-0.2.3-py3-none-any.whl", hash = "sha256:8a1513379d709975552d202d942d9837758905c8d01eb82b8bcc30918929e7b8", size = 30756, upload-time = "2024-08-14T10:15:33.187Z" },
]

[[package]]
name = "setuptools"
version = "80.9.0"
source = { registry = "https://pypi.org/simple" }
sdist = { url = "https://files.pythonhosted.org/packages/18/5d/3bf57dcd21979b887f014ea83c24ae194cfcd12b9e0fda66b957c69d1fca/setuptools-80.9.0.tar.gz", hash = "sha256:f36b47402ecde768dbfafc46e8e4207b4360c654f1f3bb84475f0a28628fb19c", size = 1319958, upload-time = "2025-05-27T00:56:51.443Z" }
wheels = [
    { url = "https://files.pythonhosted.org/packages/a3/dc/17031897dae0efacfea57dfd3a82fdd2a2aeb58e0ff71b77b87e44edc772/setuptools-80.9.0-py3-none-any.whl", hash = "sha256:062d34222ad13e0cc312a4c02d73f059e86a4acbfbdea8f8f76b28c99f306922", size = 1201486, upload-time = "2025-05-27T00:56:49.664Z" },
]

[[package]]
name = "shiboken6"
version = "6.8.0.2"
source = { registry = "https://pypi.org/simple" }
wheels = [
    { url = "https://files.pythonhosted.org/packages/d7/7b/3b0b541293a0296534da1a40b422b2323b67103367b1a1c704867d325ef8/shiboken6-6.8.0.2-cp39-abi3-macosx_12_0_universal2.whl", hash = "sha256:9019e1fcfeed8bb350222e981748ef05a2fec11e31ddf616657be702f0b7a468", size = 394561, upload-time = "2024-10-24T12:06:53.011Z" },
    { url = "https://files.pythonhosted.org/packages/42/73/6344e02a6734e17a86c5781df41293fa15245e4d7454992c1d82e77d49a9/shiboken6-6.8.0.2-cp39-abi3-manylinux_2_28_x86_64.whl", hash = "sha256:fa7d411c3c67b4296847b3f5f572268e219d947d029ff9d8bce72fe6982d92bc", size = 200711, upload-time = "2024-10-24T12:06:54.725Z" },
    { url = "https://files.pythonhosted.org/packages/13/cd/e9a6d0aa8794f777627a9fb3cffed0ac8449881b33e2325b5bcff10c36bc/shiboken6-6.8.0.2-cp39-abi3-manylinux_2_31_aarch64.whl", hash = "sha256:1aaa8b7f9138818322ef029b2c487d1c6e00dc3f53084e62e1d11bdea47e47c2", size = 189864, upload-time = "2024-10-24T12:06:56.563Z" },
    { url = "https://files.pythonhosted.org/packages/46/1f/4323ee8fdca5c441b349cd5569934d53a1fd9e3695d53089e18e20ef3611/shiboken6-6.8.0.2-cp39-abi3-win_amd64.whl", hash = "sha256:b11e750e696bb565d897e0f5836710edfb86bd355f87b09988bd31b2aad404d3", size = 1146649, upload-time = "2024-10-24T12:06:58.305Z" },
]

[[package]]
name = "yt-dlp"
version = "2025.9.5"
source = { registry = "https://pypi.org/simple" }
sdist = { url = "https://files.pythonhosted.org/packages/50/b2/fb255d991857a6a8b2539487ed6063e7bf318f19310d81f039dedb3c2ad6/yt_dlp-2025.9.5.tar.gz", hash = "sha256:9ce080f80b2258e872fe8a75f4707ea2c644e697477186e20b9a04d9a9ea37cf", size = 3045982, upload-time = "2025-09-05T23:07:53.962Z" }
wheels = [
    { url = "https://files.pythonhosted.org/packages/06/64/b3cc116e4f209c493f23d6af033c60ba32df74e086190fbed2bdc0073d12/yt_dlp-2025.9.5-py3-none-any.whl", hash = "sha256:68a03b5c50e3d0f6af7244bd4bf491c1b12e4e2112b051cde05cdfd2647eb9a8", size = 3272317, upload-time = "2025-09-05T23:07:51.396Z" },
]

[[package]]
name = "yt-dlp-qt"
version = "0.1.0"
source = { virtual = "." }
dependencies = [
    { name = "pyinstaller" },
    { name = "pyside6" },
    { name = "yt-dlp" },
]

[package.metadata]
requires-dist = [
    { name = "pyinstaller", specifier = "==6.11.0" },
    { name = "pyside6", specifier = "==6.8.0.2" },
    { name = "yt-dlp" },
]
